
Microsoft Visual Studio Solution File, Format Version 12.00
# Visual Studio Version 17
VisualStudioVersion = 17.4.33213.308
MinimumVisualStudioVersion = 10.0.40219.1
Project("{FAE04EC0-301F-11D3-BF4B-00C04F79EFBC}") = "Avto_2", "Avto_2\Avto_2.csproj", "{30BD91E0-C573-4B13-98EC-27ADDB359985}"
EndProject
Global
	GlobalSection(SolutionConfigurationPlatforms) = preSolution
		Debug|Any CPU = Debug|Any CPU
		Release|Any CPU = Release|Any CPU
	EndGlobalSection
	GlobalSection(ProjectConfigurationPlatforms) = postSolution
		{30BD91E0-C573-4B13-98EC-27ADDB359985}.Debug|Any CPU.ActiveCfg = Debug|Any CPU
		{30BD91E0-C573-4B13-98EC-27ADDB359985}.Debug|Any CPU.Build.0 = Debug|Any CPU
		{30BD91E0-C573-4B13-98EC-27ADDB359985}.Release|Any CPU.ActiveCfg = Release|Any CPU
		{30BD91E0-C573-4B13-98EC-27ADDB359985}.Release|Any CPU.Build.0 = Release|Any CPU
	EndGlobalSection
	GlobalSection(SolutionProperties) = preSolution
		HideSolutionNode = FALSE
	EndGlobalSection
	GlobalSection(ExtensibilityGlobals) = postSolution
		SolutionGuid = {036639E5-6A63-49DC-9895-C60CFB32632C}
	EndGlobalSection
EndGlobal
